<?xml version="1.0" encoding="utf-8"?>
<Project ToolsVersion="4.0" xmlns="http://schemas.microsoft.com/developer/msbuild/2003">
  <ItemGroup>
    <ClCompile Include="main.cpp" />
  </ItemGroup>
  <ItemGroup>
    <ClInclude Include="..\include\cov.h">
      <Filter>include</Filter>
    </ClInclude>
    <ClInclude Include="..\include\gp.h">
      <Filter>include</Filter>
    </ClInclude>
    <ClInclude Include="..\src\cov\covSEiso\CovSEiso.hpp">
      <Filter>src\cov\covSEiso</Filter>
    </ClInclude>
    <ClInclude Include="..\src\cov\covSEiso\CovSEisoDerObs.hpp">
      <Filter>src\cov\covSEiso</Filter>
    </ClInclude>
    <ClInclude Include="..\src\cov\CovDerObs.hpp">
      <Filter>src\cov</Filter>
    </ClInclude>
    <ClInclude Include="..\src\cov\covseisobase.hpp">
      <Filter>src\cov</Filter>
    </ClInclude>
    <ClInclude Include="..\src\cov\covseisoder.hpp">
      <Filter>src\cov</Filter>
    </ClInclude>
    <ClInclude Include="..\src\cov\covseisodiffbase.hpp">
      <Filter>src\cov</Filter>
    </ClInclude>
    <ClInclude Include="..\src\cov\handlingderivativetrainingdata.hpp">
      <Filter>src\cov</Filter>
    </ClInclude>
    <ClInclude Include="..\src\cov\isotropic.hpp">
      <Filter>src\cov</Filter>
    </ClInclude>
    <ClInclude Include="..\src\cov\isotropicanddifferentiable.hpp">
      <Filter>src\cov</Filter>
    </ClInclude>
    <ClInclude Include="..\src\data\DerivativeTrainingData.hpp">
      <Filter>src\data</Filter>
    </ClInclude>
    <ClInclude Include="..\src\data\TestData.hpp">
      <Filter>src\data</Filter>
    </ClInclude>
    <ClInclude Include="..\src\data\TrainingData.hpp">
      <Filter>src\data</Filter>
    </ClInclude>
    <ClInclude Include="..\src\data\typetraits.hpp">
      <Filter>src\data</Filter>
    </ClInclude>
    <ClInclude Include="..\src\gp\Trainer.hpp">
      <Filter>src\gp</Filter>
    </ClInclude>
    <ClInclude Include="..\src\inf\InfExact.hpp">
      <Filter>src\inf</Filter>
    </ClInclude>
    <ClInclude Include="..\src\inf\InfExactGeneral.hpp">
      <Filter>src\inf</Filter>
    </ClInclude>
    <ClInclude Include="..\src\inf\Hyp.hpp">
      <Filter>src\inf</Filter>
    </ClInclude>
    <ClInclude Include="..\src\lik\LikGauss.hpp">
      <Filter>src\lik</Filter>
    </ClInclude>
    <ClInclude Include="..\src\lik\LikGaussDerObs.hpp">
      <Filter>src\lik</Filter>
    </ClInclude>
    <ClInclude Include="..\src\mean\MeanZero.hpp">
      <Filter>src\mean</Filter>
    </ClInclude>
    <ClInclude Include="..\src\util\Exception.hpp">
      <Filter>src\util</Filter>
    </ClInclude>
    <ClInclude Include="..\src\util\macros.h">
      <Filter>src\util</Filter>
    </ClInclude>
    <ClInclude Include="..\src\util\PairwiseOp.hpp">
      <Filter>src\util</Filter>
    </ClInclude>
    <ClInclude Include="..\src\gp\GaussianProcess.hpp">
      <Filter>src\gp</Filter>
    </ClInclude>
  </ItemGroup>
  <ItemGroup>
    <Filter Include="include">
      <UniqueIdentifier>{76514ad3-8594-4b59-8819-f61ba873f9f1}</UniqueIdentifier>
    </Filter>
    <Filter Include="src">
      <UniqueIdentifier>{d76919ad-7e24-47c1-8570-029dd2236c82}</UniqueIdentifier>
    </Filter>
    <Filter Include="src\cov">
      <UniqueIdentifier>{2806d2c1-73ca-493a-8d24-b51dcc649e0f}</UniqueIdentifier>
    </Filter>
    <Filter Include="src\cov\covSEiso">
      <UniqueIdentifier>{9cab7159-ac05-4b57-96e7-184a1d1f2fe1}</UniqueIdentifier>
    </Filter>
    <Filter Include="src\data">
      <UniqueIdentifier>{7f8c6422-0452-4c43-bf3c-81da53d0dfc0}</UniqueIdentifier>
    </Filter>
    <Filter Include="src\gp">
      <UniqueIdentifier>{f91b754d-dc8d-41b7-ac4d-6693efde45e2}</UniqueIdentifier>
    </Filter>
    <Filter Include="src\inf">
      <UniqueIdentifier>{21523a07-b1b1-4d1f-b4f4-e299dd1d4a43}</UniqueIdentifier>
    </Filter>
    <Filter Include="src\lik">
      <UniqueIdentifier>{249a3088-b7d5-4185-84b7-42be88cd326f}</UniqueIdentifier>
    </Filter>
    <Filter Include="src\mean">
      <UniqueIdentifier>{9737aa04-bbb1-48a3-822b-feaf10eb9f33}</UniqueIdentifier>
    </Filter>
    <Filter Include="src\util">
      <UniqueIdentifier>{1fee1f35-31d8-4db4-8fa1-eaab5a1ef7e1}</UniqueIdentifier>
    </Filter>
  </ItemGroup>
  <ItemGroup>
    <None Include="..\README.md" />
  </ItemGroup>
</Project>