<?xml version="1.0" encoding="utf-8"?>
<Project ToolsVersion="4.0" xmlns="http://schemas.microsoft.com/developer/msbuild/2003">
  <ItemGroup>
    <ClCompile Include="..\test\test.cpp" />
  </ItemGroup>
  <ItemGroup>
    <ClInclude Include="..\test\TestDerivativeDataSetting.hpp">
      <Filter>00 setting</Filter>
    </ClInclude>
    <ClInclude Include="..\test\TestMacros.hpp">
      <Filter>00 setting</Filter>
    </ClInclude>
    <ClInclude Include="..\test\TestFunctionDataSetting.hpp">
      <Filter>00 setting</Filter>
    </ClInclude>
    <ClInclude Include="..\test\TestcasePairwiseOp.hpp">
      <Filter>01 pairwise-op</Filter>
    </ClInclude>
    <ClInclude Include="..\test\TestcaseCovSEisoDerObs.hpp">
      <Filter>02 cov</Filter>
    </ClInclude>
    <ClInclude Include="..\test\TestcaseCovSEiso.hpp">
      <Filter>02 cov</Filter>
    </ClInclude>
    <ClInclude Include="..\test\TestcaseCholeskyFactorSolver.hpp">
      <Filter>03 inf</Filter>
    </ClInclude>
    <ClInclude Include="..\test\TestcaseInfExact.hpp">
      <Filter>03 inf</Filter>
    </ClInclude>
    <ClInclude Include="..\test\TestcaseInfExactDerObs.hpp">
      <Filter>03 inf</Filter>
    </ClInclude>
    <ClInclude Include="..\test\TestFunctionDataSetting2.hpp">
      <Filter>04 gp</Filter>
    </ClInclude>
    <ClInclude Include="..\test\TestDerivativeDataSetting2.hpp">
      <Filter>04 gp</Filter>
    </ClInclude>
    <ClInclude Include="..\test\TestcaseGPDerObs.hpp">
      <Filter>04 gp</Filter>
    </ClInclude>
    <ClInclude Include="..\test\TestcaseGaussianProcess.hpp">
      <Filter>04 gp</Filter>
    </ClInclude>
  </ItemGroup>
  <ItemGroup>
    <None Include="..\src\TODO.txt" />
  </ItemGroup>
  <ItemGroup>
    <Filter Include="00 setting">
      <UniqueIdentifier>{7b598daf-cca0-459d-9cb0-89949fe5b886}</UniqueIdentifier>
    </Filter>
    <Filter Include="01 pairwise-op">
      <UniqueIdentifier>{cd400ef9-c6cb-4bb4-99dd-d94d585591ad}</UniqueIdentifier>
    </Filter>
    <Filter Include="02 cov">
      <UniqueIdentifier>{4b14f2b4-4313-4442-8fb0-237341e0428b}</UniqueIdentifier>
    </Filter>
    <Filter Include="03 inf">
      <UniqueIdentifier>{4b7646c9-c596-4f2e-be5c-7f07cc8adbf8}</UniqueIdentifier>
    </Filter>
    <Filter Include="04 gp">
      <UniqueIdentifier>{17be4bf2-6ccb-4836-a9a7-db8466580f0a}</UniqueIdentifier>
    </Filter>
  </ItemGroup>
</Project>